// !$*UTF8*$!
{
	archiveVersion = 1;
	classes = {
	};
	objectVersion = 46;
	objects = {

/* Begin PBXBuildFile section */
		7C857ABC1E4B5B4600B8211E /* AppDelegate.swift in Sources */ = {isa = PBXBuildFile; fileRef = 7C857ABB1E4B5B4600B8211E /* AppDelegate.swift */; };
		7C857ABE1E4B5B4600B8211E /* ViewController.swift in Sources */ = {isa = PBXBuildFile; fileRef = 7C857ABD1E4B5B4600B8211E /* ViewController.swift */; };
		7C857AC11E4B5B4600B8211E /* Main.storyboard in Resources */ = {isa = PBXBuildFile; fileRef = 7C857ABF1E4B5B4600B8211E /* Main.storyboard */; };
		7C857AC31E4B5B4600B8211E /* Assets.xcassets in Resources */ = {isa = PBXBuildFile; fileRef = 7C857AC21E4B5B4600B8211E /* Assets.xcassets */; };
		7C857ACB1E4B68C800B8211E /* Currency.swift in Sources */ = {isa = PBXBuildFile; fileRef = 7C857ACA1E4B68C800B8211E /* Currency.swift */; };
		8DC84C8F25888F4E46583389 /* Pods_Currency_Converter.framework in Frameworks */ = {isa = PBXBuildFile; fileRef = 759374E8916EE5FD421E683D /* Pods_Currency_Converter.framework */; };
/* End PBXBuildFile section */

/* Begin PBXFileReference section */
		759374E8916EE5FD421E683D /* Pods_Currency_Converter.framework */ = {isa = PBXFileReference; explicitFileType = wrapper.framework; includeInIndex = 0; path = Pods_Currency_Converter.framework; sourceTree = BUILT_PRODUCTS_DIR; };
		7C857AB81E4B5B4600B8211E /* Currency Converter.app */ = {isa = PBXFileReference; explicitFileType = wrapper.application; includeInIndex = 0; path = "Currency Converter.app"; sourceTree = BUILT_PRODUCTS_DIR; };
		7C857ABB1E4B5B4600B8211E /* AppDelegate.swift */ = {isa = PBXFileReference; lastKnownFileType = sourcecode.swift; path = AppDelegate.swift; sourceTree = "<group>"; };
		7C857ABD1E4B5B4600B8211E /* ViewController.swift */ = {isa = PBXFileReference; lastKnownFileType = sourcecode.swift; path = ViewController.swift; sourceTree = "<group>"; };
		7C857AC01E4B5B4600B8211E /* Base */ = {isa = PBXFileReference; lastKnownFileType = file.storyboard; name = Base; path = Base.lproj/Main.storyboard; sourceTree = "<group>"; };
		7C857AC21E4B5B4600B8211E /* Assets.xcassets */ = {isa = PBXFileReference; lastKnownFileType = folder.assetcatalog; path = Assets.xcassets; sourceTree = "<group>"; };
		7C857AC41E4B5B4600B8211E /* Info.plist */ = {isa = PBXFileReference; lastKnownFileType = text.plist.xml; path = Info.plist; sourceTree = "<group>"; };
		7C857ACA1E4B68C800B8211E /* Currency.swift */ = {isa = PBXFileReference; fileEncoding = 4; lastKnownFileType = sourcecode.swift; path = Currency.swift; sourceTree = "<group>"; };
		9987F44531CCC3BA7637E2A1 /* Pods-Currency Converter.debug.xcconfig */ = {isa = PBXFileReference; includeInIndex = 1; lastKnownFileType = text.xcconfig; name = "Pods-Currency Converter.debug.xcconfig"; path = "Pods/Target Support Files/Pods-Currency Converter/Pods-Currency Converter.debug.xcconfig"; sourceTree = "<group>"; };
		A4BA6F0F2F26AC97424CEF7E /* Pods-Currency Converter.release.xcconfig */ = {isa = PBXFileReference; includeInIndex = 1; lastKnownFileType = text.xcconfig; name = "Pods-Currency Converter.release.xcconfig"; path = "Pods/Target Support Files/Pods-Currency Converter/Pods-Currency Converter.release.xcconfig"; sourceTree = "<group>"; };
/* End PBXFileReference section */

/* Begin PBXFrameworksBuildPhase section */
		7C857AB51E4B5B4500B8211E /* Frameworks */ = {
			isa = PBXFrameworksBuildPhase;
			buildActionMask = 2147483647;
			files = (
				8DC84C8F25888F4E46583389 /* Pods_Currency_Converter.framework in Frameworks */,
			);
			runOnlyForDeploymentPostprocessing = 0;
		};
/* End PBXFrameworksBuildPhase section */

/* Begin PBXGroup section */
		44C0693DF7EC92645DDD507C /* Frameworks */ = {
			isa = PBXGroup;
			children = (
				759374E8916EE5FD421E683D /* Pods_Currency_Converter.framework */,
			);
			name = Frameworks;
			sourceTree = "<group>";
		};
		54D9E45CD3FC4F233A6E4957 /* Pods */ = {
			isa = PBXGroup;
			children = (
				9987F44531CCC3BA7637E2A1 /* Pods-Currency Converter.debug.xcconfig */,
				A4BA6F0F2F26AC97424CEF7E /* Pods-Currency Converter.release.xcconfig */,
			);
			name = Pods;
			sourceTree = "<group>";
		};
		7C857AAF1E4B5B4500B8211E = {
			isa = PBXGroup;
			children = (
				7C857ABA1E4B5B4600B8211E /* Currency Converter */,
				7C857AB91E4B5B4600B8211E /* Products */,
				54D9E45CD3FC4F233A6E4957 /* Pods */,
				44C0693DF7EC92645DDD507C /* Frameworks */,
			);
			sourceTree = "<group>";
		};
		7C857AB91E4B5B4600B8211E /* Products */ = {
			isa = PBXGroup;
			children = (
				7C857AB81E4B5B4600B8211E /* Currency Converter.app */,
			);
			name = Products;
			sourceTree = "<group>";
		};
		7C857ABA1E4B5B4600B8211E /* Currency Converter */ = {
			isa = PBXGroup;
			children = (
				7C857ABB1E4B5B4600B8211E /* AppDelegate.swift */,
				7C857ABD1E4B5B4600B8211E /* ViewController.swift */,
				7C857ACA1E4B68C800B8211E /* Currency.swift */,
				7C857ABF1E4B5B4600B8211E /* Main.storyboard */,
				7C857AC21E4B5B4600B8211E /* Assets.xcassets */,
				7C857AC41E4B5B4600B8211E /* Info.plist */,
			);
			path = "Currency Converter";
			sourceTree = "<group>";
		};
/* End PBXGroup section */

/* Begin PBXNativeTarget section */
		7C857AB71E4B5B4500B8211E /* Currency Converter */ = {
			isa = PBXNativeTarget;
			buildConfigurationList = 7C857AC71E4B5B4600B8211E /* Build configuration list for PBXNativeTarget "Currency Converter" */;
			buildPhases = (
				39D8404DC3963968E17717CA /* [CP] Check Pods Manifest.lock */,
				7C857AB41E4B5B4500B8211E /* Sources */,
				7C857AB51E4B5B4500B8211E /* Frameworks */,
				7C857AB61E4B5B4500B8211E /* Resources */,
				E992C37F8C5493855C38A1F8 /* [CP] Embed Pods Frameworks */,
				AB211ED5813B8525BA97BC86 /* [CP] Copy Pods Resources */,
			);
			buildRules = (
			);
			dependencies = (
			);
			name = "Currency Converter";
			productName = "Currency Converter";
			productReference = 7C857AB81E4B5B4600B8211E /* Currency Converter.app */;
			productType = "com.apple.product-type.application";
		};
/* End PBXNativeTarget section */

/* Begin PBXProject section */
		7C857AB01E4B5B4500B8211E /* Project object */ = {
			isa = PBXProject;
			attributes = {
				LastSwiftUpdateCheck = 0820;
				LastUpgradeCheck = 0820;
				ORGANIZATIONNAME = "Hunter Stanton";
				TargetAttributes = {
					7C857AB71E4B5B4500B8211E = {
						CreatedOnToolsVersion = 8.2;
						ProvisioningStyle = Automatic;
					};
				};
			};
			buildConfigurationList = 7C857AB31E4B5B4500B8211E /* Build configuration list for PBXProject "Currency Converter" */;
			compatibilityVersion = "Xcode 3.2";
			developmentRegion = English;
			hasScannedForEncodings = 0;
			knownRegions = (
				en,
				Base,
			);
			mainGroup = 7C857AAF1E4B5B4500B8211E;
			productRefGroup = 7C857AB91E4B5B4600B8211E /* Products */;
			projectDirPath = "";
			projectRoot = "";
			targets = (
				7C857AB71E4B5B4500B8211E /* Currency Converter */,
			);
		};
/* End PBXProject section */

/* Begin PBXResourcesBuildPhase section */
		7C857AB61E4B5B4500B8211E /* Resources */ = {
			isa = PBXResourcesBuildPhase;
			buildActionMask = 2147483647;
			files = (
				7C857AC31E4B5B4600B8211E /* Assets.xcassets in Resources */,
				7C857AC11E4B5B4600B8211E /* Main.storyboard in Resources */,
			);
			runOnlyForDeploymentPostprocessing = 0;
		};
/* End PBXResourcesBuildPhase section */

/* Begin PBXShellScriptBuildPhase section */
		39D8404DC3963968E17717CA /* [CP] Check Pods Manifest.lock */ = {
			isa = PBXShellScriptBuildPhase;
			buildActionMask = 2147483647;
			files = (
			);
			inputPaths = (
			);
			name = "[CP] Check Pods Manifest.lock";
			outputPaths = (
			);
			runOnlyForDeploymentPostprocessing = 0;
			shellPath = /bin/sh;
			shellScript = "diff \"${PODS_ROOT}/../Podfile.lock\" \"${PODS_ROOT}/Manifest.lock\" > /dev/null\nif [ $? != 0 ] ; then\n    # print error to STDERR\n    echo \"error: The sandbox is not in sync with the Podfile.lock. Run 'pod install' or update your CocoaPods installation.\" >&2\n    exit 1\nfi\n";
			showEnvVarsInLog = 0;
		};
		AB211ED5813B8525BA97BC86 /* [CP] Copy Pods Resources */ = {
			isa = PBXShellScriptBuildPhase;
			buildActionMask = 2147483647;
			files = (
			);
			inputPaths = (
			);
			name = "[CP] Copy Pods Resources";
			outputPaths = (
			);
			runOnlyForDeploymentPostprocessing = 0;
			shellPath = /bin/sh;
			shellScript = "\"${SRCROOT}/Pods/Target Support Files/Pods-Currency Converter/Pods-Currency Converter-resources.sh\"\n";
			showEnvVarsInLog = 0;
		};
		E992C37F8C5493855C38A1F8 /* [CP] Embed Pods Frameworks */ = {
			isa = PBXShellScriptBuildPhase;
			buildActionMask = 2147483647;
			files = (
			);
			inputPaths = (
			);
			name = "[CP] Embed Pods Frameworks";
			outputPaths = (
			);
			runOnlyForDeploymentPostprocessing = 0;
			shellPath = /bin/sh;
			shellScript = "\"${SRCROOT}/Pods/Target Support Files/Pods-Currency Converter/Pods-Currency Converter-frameworks.sh\"\n";
			showEnvVarsInLog = 0;
		};
/* End PBXShellScriptBuildPhase section */

/* Begin PBXSourcesBuildPhase section */
		7C857AB41E4B5B4500B8211E /* Sources */ = {
			isa = PBXSourcesBuildPhase;
			buildActionMask = 2147483647;
			files = (
				7C857ACB1E4B68C800B8211E /* Currency.swift in Sources */,
				7C857ABE1E4B5B4600B8211E /* ViewController.swift in Sources */,
				7C857ABC1E4B5B4600B8211E /* AppDelegate.swift in Sources */,
			);
			runOnlyForDeploymentPostprocessing = 0;
		};
/* End PBXSourcesBuildPhase section */

/* Begin PBXVariantGroup section */
		7C857ABF1E4B5B4600B8211E /* Main.storyboard */ = {
			isa = PBXVariantGroup;
			children = (
				7C857AC01E4B5B4600B8211E /* Base */,
			);
			name = Main.storyboard;
			sourceTree = "<group>";
		};
/* End PBXVariantGroup section */

/* Begin XCBuildConfiguration section */
		7C857AC51E4B5B4600B8211E /* Debug */ = {
			isa = XCBuildConfiguration;
			buildSettings = {
				ALWAYS_SEARCH_USER_PATHS = NO;
				CLANG_ANALYZER_NONNULL = YES;
				CLANG_CXX_LANGUAGE_STANDARD = "gnu++0x";
				CLANG_CXX_LIBRARY = "libc++";
				CLANG_ENABLE_MODULES = YES;
				CLANG_ENABLE_OBJC_ARC = YES;
				CLANG_WARN_BOOL_CONVERSION = YES;
				CLANG_WARN_CONSTANT_CONVERSION = YES;
				CLANG_WARN_DIRECT_OBJC_ISA_USAGE = YES_ERROR;
				CLANG_WARN_DOCUMENTATION_COMMENTS = YES;
				CLANG_WARN_EMPTY_BODY = YES;
				CLANG_WARN_ENUM_CONVERSION = YES;
				CLANG_WARN_INFINITE_RECURSION = YES;
				CLANG_WARN_INT_CONVERSION = YES;
				CLANG_WARN_OBJC_ROOT_CLASS = YES_ERROR;
				CLANG_WARN_SUSPICIOUS_MOVE = YES;
				CLANG_WARN_UNREACHABLE_CODE = YES;
				CLANG_WARN__DUPLICATE_METHOD_MATCH = YES;
				COPY_PHASE_STRIP = NO;
				DEBUG_INFORMATION_FORMAT = dwarf;
				ENABLE_STRICT_OBJC_MSGSEND = YES;
				ENABLE_TESTABILITY = YES;
				GCC_C_LANGUAGE_STANDARD = gnu99;
				GCC_DYNAMIC_NO_PIC = NO;
				GCC_NO_COMMON_BLOCKS = YES;
				GCC_OPTIMIZATION_LEVEL = 0;
				GCC_PREPROCESSOR_DEFINITIONS = (
					"DEBUG=1",
					"$(inherited)",
				);
				GCC_WARN_64_TO_32_BIT_CONVERSION = YES;
				GCC_WARN_ABOUT_RETURN_TYPE = YES_ERROR;
				GCC_WARN_UNDECLARED_SELECTOR = YES;
				GCC_WARN_UNINITIALIZED_AUTOS = YES_AGGRESSIVE;
				GCC_WARN_UNUSED_FUNCTION = YES;
				GCC_WARN_UNUSED_VARIABLE = YES;
				MTL_ENABLE_DEBUG_INFO = YES;
				ONLY_ACTIVE_ARCH = YES;
				SDKROOT = appletvos;
				SWIFT_ACTIVE_COMPILATION_CONDITIONS = DEBUG;
				SWIFT_OPTIMIZATION_LEVEL = "-Onone";
				TARGETED_DEVICE_FAMILY = 3;
				TVOS_DEPLOYMENT_TARGET = 10.1;
			};
			name = Debug;
		};
		7C857AC61E4B5B4600B8211E /* Release */ = {
			isa = XCBuildConfiguration;
			buildSettings = {
				ALWAYS_SEARCH_USER_PATHS = NO;
				CLANG_ANALYZER_NONNULL = YES;
				CLANG_CXX_LANGUAGE_STANDARD = "gnu++0x";
				CLANG_CXX_LIBRARY = "libc++";
				CLANG_ENABLE_MODULES = YES;
				CLANG_ENABLE_OBJC_ARC = YES;
				CLANG_WARN_BOOL_CONVERSION = YES;
				CLANG_WARN_CONSTANT_CONVERSION = YES;
				CLANG_WARN_DIRECT_OBJC_ISA_USAGE = YES_ERROR;
				CLANG_WARN_DOCUMENTATION_COMMENTS = YES;
				CLANG_WARN_EMPTY_BODY = YES;
				CLANG_WARN_ENUM_CONVERSION = YES;
				CLANG_WARN_INFINITE_RECURSION = YES;
				CLANG_WARN_INT_CONVERSION = YES;
				CLANG_WARN_OBJC_ROOT_CLASS = YES_ERROR;
				CLANG_WARN_SUSPICIOUS_MOVE = YES;
				CLANG_WARN_UNREACHABLE_CODE = YES;
				CLANG_WARN__DUPLICATE_METHOD_MATCH = YES;
				COPY_PHASE_STRIP = NO;
				DEBUG_INFORMATION_FORMAT = "dwarf-with-dsym";
				ENABLE_NS_ASSERTIONS = NO;
				ENABLE_STRICT_OBJC_MSGSEND = YES;
				GCC_C_LANGUAGE_STANDARD = gnu99;
				GCC_NO_COMMON_BLOCKS = YES;
				GCC_WARN_64_TO_32_BIT_CONVERSION = YES;
				GCC_WARN_ABOUT_RETURN_TYPE = YES_ERROR;
				GCC_WARN_UNDECLARED_SELECTOR = YES;
				GCC_WARN_UNINITIALIZED_AUTOS = YES_AGGRESSIVE;
				GCC_WARN_UNUSED_FUNCTION = YES;
				GCC_WARN_UNUSED_VARIABLE = YES;
				MTL_ENABLE_DEBUG_INFO = NO;
				SDKROOT = appletvos;
				SWIFT_OPTIMIZATION_LEVEL = "-Owholemodule";
				TARGETED_DEVICE_FAMILY = 3;
				TVOS_DEPLOYMENT_TARGET = 10.1;
				VALIDATE_PRODUCT = YES;
			};
			name = Release;
		};
		7C857AC81E4B5B4600B8211E /* Debug */ = {
			isa = XCBuildConfiguration;
			baseConfigurationReference = 9987F44531CCC3BA7637E2A1 /* Pods-Currency Converter.debug.xcconfig */;
			buildSettings = {
				ASSETCATALOG_COMPILER_APPICON_NAME = "App Icon & Top Shelf Image";
				ASSETCATALOG_COMPILER_LAUNCHIMAGE_NAME = LaunchImage;
				INFOPLIST_FILE = "Currency Converter/Info.plist";
				LD_RUNPATH_SEARCH_PATHS = "$(inherited) @executable_path/Frameworks";
				PRODUCT_BUNDLE_IDENTIFIER = "com.HunterStanton.Currency-Converter";
				PRODUCT_NAME = "$(TARGET_NAME)";
				SWIFT_VERSION = 3.0;
			};
			name = Debug;
		};
		7C857AC91E4B5B4600B8211E /* Release */ = {
			isa = XCBuildConfiguration;
			baseConfigurationReference = A4BA6F0F2F26AC97424CEF7E /* Pods-Currency Converter.release.xcconfig */;
			buildSettings = {
				ASSETCATALOG_COMPILER_APPICON_NAME = "App Icon & Top Shelf Image";
				ASSETCATALOG_COMPILER_LAUNCHIMAGE_NAME = LaunchImage;
				INFOPLIST_FILE = "Currency Converter/Info.plist";
				LD_RUNPATH_SEARCH_PATHS = "$(inherited) @executable_path/Frameworks";
				PRODUCT_BUNDLE_IDENTIFIER = "com.HunterStanton.Currency-Converter";
				PRODUCT_NAME = "$(TARGET_NAME)";
				SWIFT_VERSION = 3.0;
			};
			name = Release;
		};
/* End XCBuildConfiguration section */

/* Begin XCConfigurationList section */
		7C857AB31E4B5B4500B8211E /* Build configuration list for PBXProject "Currency Converter" */ = {
			isa = XCConfigurationList;
			buildConfigurations = (
				7C857AC51E4B5B4600B8211E /* Debug */,
				7C857AC61E4B5B4600B8211E /* Release */,
			);
			defaultConfigurationIsVisible = 0;
			defaultConfigurationName = Release;
		};
		7C857AC71E4B5B4600B8211E /* Build configuration list for PBXNativeTarget "Currency Converter" */ = {
			isa = XCConfigurationList;
			buildConfigurations = (
				7C857AC81E4B5B4600B8211E /* Debug */,
				7C857AC91E4B5B4600B8211E /* Release */,
			);
			defaultConfigurationIsVisible = 0;
		};
/* End XCConfigurationList section */
	};
	rootObject = 7C857AB01E4B5B4500B8211E /* Project object */;
}
